
Microsoft Visual Studio Solution File, Format Version 12.00
# Visual Studio Version 16
VisualStudioVersion = 25.0.1705.4
MinimumVisualStudioVersion = 10.0.40219.1
Project("{FAE04EC0-301F-11D3-BF4B-00C04F79EFBC}") = "ex03", "ex03\ex03.csproj", "{726CE27A-5F5C-4033-9E3A-5097B1C9B2A0}"
EndProject
Global
	GlobalSection(SolutionConfigurationPlatforms) = preSolution
		Debug|Any CPU = Debug|Any CPU
		Release|Any CPU = Release|Any CPU
	EndGlobalSection
	GlobalSection(ProjectConfigurationPlatforms) = postSolution
		{726CE27A-5F5C-4033-9E3A-5097B1C9B2A0}.Debug|Any CPU.ActiveCfg = Debug|Any CPU
		{726CE27A-5F5C-4033-9E3A-5097B1C9B2A0}.Debug|Any CPU.Build.0 = Debug|Any CPU
		{726CE27A-5F5C-4033-9E3A-5097B1C9B2A0}.Release|Any CPU.ActiveCfg = Release|Any CPU
		{726CE27A-5F5C-4033-9E3A-5097B1C9B2A0}.Release|Any CPU.Build.0 = Release|Any CPU
	EndGlobalSection
	GlobalSection(SolutionProperties) = preSolution
		HideSolutionNode = FALSE
	EndGlobalSection
	GlobalSection(ExtensibilityGlobals) = postSolution
		SolutionGuid = {9B55FB7C-967A-4E07-AE91-2E31F1F8BE60}
	EndGlobalSection
EndGlobal
